
Microsoft Visual Studio Solution File, Format Version 12.00
# Visual Studio Version 17
VisualStudioVersion = 17.11.35431.28
MinimumVisualStudioVersion = 10.0.40219.1
Project("{2150E333-8FDC-42A3-9474-1A3956D46DE8}") = "src", "src", "{CB35CD28-CFE6-488B-8622-17B0A41265A3}"
EndProject
Project("{2150E333-8FDC-42A3-9474-1A3956D46DE8}") = "tests", "tests", "{6E362C84-5053-44C3-ABB6-5AFBEF2EC126}"
EndProject
Project("{FAE04EC0-301F-11D3-BF4B-00C04F79EFBC}") = "CovidTracker.Web", "CovidTracker.Web\CovidTracker.Web.csproj", "{7D20867B-4E5E-4EAC-98EE-FE984773BB75}"
EndProject
Project("{FAE04EC0-301F-11D3-BF4B-00C04F79EFBC}") = "CovidTracker.Core", "CovidTracker.Core\CovidTracker.Core.csproj", "{C4EDFB5E-8EEE-498D-B123-4E72CEB47605}"
EndProject
Project("{FAE04EC0-301F-11D3-BF4B-00C04F79EFBC}") = "CovidTracker.Core.Tests", "CovidTracker.Core.Tests\CovidTracker.Core.Tests.csproj", "{AA87DE8A-3DCB-435F-A196-839C08A063FA}"
EndProject
Project("{FAE04EC0-301F-11D3-BF4B-00C04F79EFBC}") = "CovidTracker.Web.Tests", "CovidTracker.Web.Tests\CovidTracker.Web.Tests.csproj", "{76A750FD-2748-4999-A1D0-8F0E2520B7D5}"
EndProject
Project("{FAE04EC0-301F-11D3-BF4B-00C04F79EFBC}") = "CovidTracker.Testing", "CovidTracker.Testing\CovidTracker.Testing.csproj", "{27DDF01C-23DC-42C9-AB2F-7AECBCF80EB6}"
EndProject
Project("{2150E333-8FDC-42A3-9474-1A3956D46DE8}") = "Solution Items", "Solution Items", "{8EC462FD-D22E-90A8-E5CE-7E832BA40C5D}"
	ProjectSection(SolutionItems) = preProject
		README.md = README.md
	EndProjectSection
EndProject
Global
	GlobalSection(SolutionConfigurationPlatforms) = preSolution
		Debug|Any CPU = Debug|Any CPU
		Release|Any CPU = Release|Any CPU
	EndGlobalSection
	GlobalSection(ProjectConfigurationPlatforms) = postSolution
		{7D20867B-4E5E-4EAC-98EE-FE984773BB75}.Debug|Any CPU.ActiveCfg = Debug|Any CPU
		{7D20867B-4E5E-4EAC-98EE-FE984773BB75}.Debug|Any CPU.Build.0 = Debug|Any CPU
		{7D20867B-4E5E-4EAC-98EE-FE984773BB75}.Release|Any CPU.ActiveCfg = Release|Any CPU
		{7D20867B-4E5E-4EAC-98EE-FE984773BB75}.Release|Any CPU.Build.0 = Release|Any CPU
		{C4EDFB5E-8EEE-498D-B123-4E72CEB47605}.Debug|Any CPU.ActiveCfg = Debug|Any CPU
		{C4EDFB5E-8EEE-498D-B123-4E72CEB47605}.Debug|Any CPU.Build.0 = Debug|Any CPU
		{C4EDFB5E-8EEE-498D-B123-4E72CEB47605}.Release|Any CPU.ActiveCfg = Release|Any CPU
		{C4EDFB5E-8EEE-498D-B123-4E72CEB47605}.Release|Any CPU.Build.0 = Release|Any CPU
		{AA87DE8A-3DCB-435F-A196-839C08A063FA}.Debug|Any CPU.ActiveCfg = Debug|Any CPU
		{AA87DE8A-3DCB-435F-A196-839C08A063FA}.Debug|Any CPU.Build.0 = Debug|Any CPU
		{AA87DE8A-3DCB-435F-A196-839C08A063FA}.Release|Any CPU.ActiveCfg = Release|Any CPU
		{AA87DE8A-3DCB-435F-A196-839C08A063FA}.Release|Any CPU.Build.0 = Release|Any CPU
		{76A750FD-2748-4999-A1D0-8F0E2520B7D5}.Debug|Any CPU.ActiveCfg = Debug|Any CPU
		{76A750FD-2748-4999-A1D0-8F0E2520B7D5}.Debug|Any CPU.Build.0 = Debug|Any CPU
		{76A750FD-2748-4999-A1D0-8F0E2520B7D5}.Release|Any CPU.ActiveCfg = Release|Any CPU
		{76A750FD-2748-4999-A1D0-8F0E2520B7D5}.Release|Any CPU.Build.0 = Release|Any CPU
		{27DDF01C-23DC-42C9-AB2F-7AECBCF80EB6}.Debug|Any CPU.ActiveCfg = Debug|Any CPU
		{27DDF01C-23DC-42C9-AB2F-7AECBCF80EB6}.Debug|Any CPU.Build.0 = Debug|Any CPU
		{27DDF01C-23DC-42C9-AB2F-7AECBCF80EB6}.Release|Any CPU.ActiveCfg = Release|Any CPU
		{27DDF01C-23DC-42C9-AB2F-7AECBCF80EB6}.Release|Any CPU.Build.0 = Release|Any CPU
	EndGlobalSection
	GlobalSection(SolutionProperties) = preSolution
		HideSolutionNode = FALSE
	EndGlobalSection
	GlobalSection(NestedProjects) = preSolution
		{7D20867B-4E5E-4EAC-98EE-FE984773BB75} = {CB35CD28-CFE6-488B-8622-17B0A41265A3}
		{C4EDFB5E-8EEE-498D-B123-4E72CEB47605} = {CB35CD28-CFE6-488B-8622-17B0A41265A3}
		{AA87DE8A-3DCB-435F-A196-839C08A063FA} = {6E362C84-5053-44C3-ABB6-5AFBEF2EC126}
		{76A750FD-2748-4999-A1D0-8F0E2520B7D5} = {6E362C84-5053-44C3-ABB6-5AFBEF2EC126}
		{27DDF01C-23DC-42C9-AB2F-7AECBCF80EB6} = {6E362C84-5053-44C3-ABB6-5AFBEF2EC126}
	EndGlobalSection
	GlobalSection(ExtensibilityGlobals) = postSolution
		SolutionGuid = {BD51921E-3108-4D6E-AAFD-5621081BA12F}
	EndGlobalSection
EndGlobal
